
Microsoft Visual Studio Solution File, Format Version 12.00
# Visual Studio Version 17
VisualStudioVersion = 17.4.33213.308
MinimumVisualStudioVersion = 10.0.40219.1
Project("{888888A0-9F3D-457C-B088-3A5042F75D52}") = "ArturDombrovskiRegirstreerimine", "ArturDombrovskiRegirstreerimine\ArturDombrovskiRegirstreerimine.pyproj", "{F9E91A63-DC6B-4D03-94A9-D44F5FF8783A}"
EndProject
Global
	GlobalSection(SolutionConfigurationPlatforms) = preSolution
		Debug|Any CPU = Debug|Any CPU
		Release|Any CPU = Release|Any CPU
	EndGlobalSection
	GlobalSection(ProjectConfigurationPlatforms) = postSolution
		{F9E91A63-DC6B-4D03-94A9-D44F5FF8783A}.Debug|Any CPU.ActiveCfg = Debug|Any CPU
		{F9E91A63-DC6B-4D03-94A9-D44F5FF8783A}.Release|Any CPU.ActiveCfg = Release|Any CPU
	EndGlobalSection
	GlobalSection(SolutionProperties) = preSolution
		HideSolutionNode = FALSE
	EndGlobalSection
	GlobalSection(ExtensibilityGlobals) = postSolution
		SolutionGuid = {723C6D97-D27B-4C84-8741-5DB54BC40577}
	EndGlobalSection
EndGlobal
